lock-version = 1
solver = "lem-mvs/1"
dafny = "4.11.0+fcb2042d6d043a2634f0854338c08feeaaaf4ae2"
manifest-hash = "sha256:51e067d4b8f31384a9f4fc1f179ab515cc66255fb3f383a537dfb5d7045e2382"

[[package]]
name = "dafnycheck"
class = 1
version = "1.0.0"
ordinal = 0
fileset-hash = "sha256:61acecd76828ee7c20d3327de133aa8cf2c383342136763c1664ad0fc335b01b"
doo-hash = "d70a94fd21f81234378ed6b6403657e5cf43c9a0ee8f30ec3e8f243e8d15f7ab"
dev = true
