lock-version = 1
solver = "lem-mvs/1"
dafny = "4.11.0+fcb2042d6d043a2634f0854338c08feeaaaf4ae2"
manifest-hash = "sha256:bbc692c27486331baa00724ef68ebc280c6bf78cffaca262386c145d06745f1c"

[[package]]
name = "linden-warblre"
class = 1
version = "1.0.0"
ordinal = 0
fileset-hash = "sha256:6685a9357275b3a18105c86604be03fa3b9566c9f0fa090d5f7067d24d6edee4"
doo-hash = "542b6d241bed45b89dd836789dae6040b04ac8cf8d5e7a980169232b79d05923"

[[package]]
name = "linden-semantics-core"
class = 1
version = "1.0.0"
ordinal = 0
fileset-hash = "sha256:489389b91e40a50ae0ab58a23d2565df73cc389ba06d6cc8804d3e810a870feb"
doo-hash = "b155df3deb400a83252dd10ac5774620b704f5ee395a4ae6f1067322ee8494aa"
