lock-version = 1
solver = "lem-mvs/1"
dafny = "4.11.0+fcb2042d6d043a2634f0854338c08feeaaaf4ae2"
manifest-hash = "sha256:3654d6933df375eb8ae3bae9b1ec440f55949d111ab6f5fac2eb7a501a6d45fa"

[[package]]
name = "regex-engine"
class = 1
version = "1.0.0"
ordinal = 0
fileset-hash = "sha256:c0496b5df48398a7182cd2e960939a0437cf0af35544d3dffcae5001fb89c467"
doo-hash = "3e54d11353d2af098e3929033c0e9e70122664e47d76be708a3451b503062f7f"

[[package]]
name = "linden-warblre"
class = 1
version = "1.0.0"
ordinal = 0
fileset-hash = "sha256:6685a9357275b3a18105c86604be03fa3b9566c9f0fa090d5f7067d24d6edee4"
doo-hash = "542b6d241bed45b89dd836789dae6040b04ac8cf8d5e7a980169232b79d05923"

[[package]]
name = "linden-semantics-core"
class = 1
version = "1.0.0"
ordinal = 0
fileset-hash = "sha256:489389b91e40a50ae0ab58a23d2565df73cc389ba06d6cc8804d3e810a870feb"
doo-hash = "b155df3deb400a83252dd10ac5774620b704f5ee395a4ae6f1067322ee8494aa"

[[package]]
name = "linden-engine-model"
class = 1
version = "1.0.0"
ordinal = 0
fileset-hash = "sha256:b555780d6efddb17a1bd0b3ecf1104ef621b4966bd48b70ac3fa4219d90dafdb"
doo-hash = "4c08f4afb603cffcf80db6c1b71aec655f558facec95cc6c34cd5f1778db4cfc"

[[package]]
name = "linden-engine"
class = 1
version = "1.0.0"
ordinal = 0
fileset-hash = "sha256:890d0ea686e4fe3b8959dd6f033563930cab30d5775ccdb8ed9e3f9528127b9f"
doo-hash = "78e66ee9f38731618af1821164c3153611a9fd734b2a6a68012001b42b978dea"

[[package]]
name = "linden-reasoning"
class = 1
version = "1.0.0"
ordinal = 0
fileset-hash = "sha256:b07203061f45d0aedc2e85589a423ca77ae1fb6891f008d0c862986f856ca5e0"
doo-hash = "e93b2c32d0f517125db22a55e78b37fd1f50c05c635dff1d95bcea6aba46793f"
